
Microsoft Visual Studio Solution File, Format Version 12.00
# Visual Studio 2013
VisualStudioVersion = 12.0.30110.0
MinimumVisualStudioVersion = 10.0.40219.1
Project("{FAE04EC0-301F-11D3-BF4B-00C04F79EFBC}") = "ProjectPsi.GUI", "ProjectPsi.GUI.csproj", "{810B4CB6-8D33-4B2A-BA73-73B53DA36559}"
EndProject
Project("{FAE04EC0-301F-11D3-BF4B-00C04F79EFBC}") = "ProjectPsi.Core", "..\ProjectPsi.Core\ProjectPsi.Core.csproj", "{F454B6C3-5BD3-41BF-8773-BF380379FF22}"
EndProject
Project("{FAE04EC0-301F-11D3-BF4B-00C04F79EFBC}") = "ProjectPsi.Tests", "..\ProjectPsi.Tests\ProjectPsi.Tests.csproj", "{F8D2F131-A5B6-49EE-BB8B-D39B3C27D242}"
EndProject
Global
	GlobalSection(SolutionConfigurationPlatforms) = preSolution
		Debug|Any CPU = Debug|Any CPU
		Release|Any CPU = Release|Any CPU
	EndGlobalSection
	GlobalSection(ProjectConfigurationPlatforms) = postSolution
		{810B4CB6-8D33-4B2A-BA73-73B53DA36559}.Debug|Any CPU.ActiveCfg = Debug|Any CPU
		{810B4CB6-8D33-4B2A-BA73-73B53DA36559}.Debug|Any CPU.Build.0 = Debug|Any CPU
		{810B4CB6-8D33-4B2A-BA73-73B53DA36559}.Release|Any CPU.ActiveCfg = Release|Any CPU
		{810B4CB6-8D33-4B2A-BA73-73B53DA36559}.Release|Any CPU.Build.0 = Release|Any CPU
		{F454B6C3-5BD3-41BF-8773-BF380379FF22}.Debug|Any CPU.ActiveCfg = Debug|Any CPU
		{F454B6C3-5BD3-41BF-8773-BF380379FF22}.Debug|Any CPU.Build.0 = Debug|Any CPU
		{F454B6C3-5BD3-41BF-8773-BF380379FF22}.Release|Any CPU.ActiveCfg = Release|Any CPU
		{F454B6C3-5BD3-41BF-8773-BF380379FF22}.Release|Any CPU.Build.0 = Release|Any CPU
		{F8D2F131-A5B6-49EE-BB8B-D39B3C27D242}.Debug|Any CPU.ActiveCfg = Debug|Any CPU
		{F8D2F131-A5B6-49EE-BB8B-D39B3C27D242}.Debug|Any CPU.Build.0 = Debug|Any CPU
		{F8D2F131-A5B6-49EE-BB8B-D39B3C27D242}.Release|Any CPU.ActiveCfg = Release|Any CPU
		{F8D2F131-A5B6-49EE-BB8B-D39B3C27D242}.Release|Any CPU.Build.0 = Release|Any CPU
	EndGlobalSection
	GlobalSection(SolutionProperties) = preSolution
		HideSolutionNode = FALSE
	EndGlobalSection
EndGlobal
